
Microsoft Visual Studio Solution File, Format Version 12.00
# Visual Studio Version 17
VisualStudioVersion = 17.11.35312.102
MinimumVisualStudioVersion = 10.0.40219.1
Project("{FAE04EC0-301F-11D3-BF4B-00C04F79EFBC}") = "FinanceBot", "FinanceBot.csproj", "{581B5D21-0BC8-4D2E-8377-E09D1DA35C41}"
EndProject
Global
	GlobalSection(SolutionConfigurationPlatforms) = preSolution
		Debug|Any CPU = Debug|Any CPU
		Release|Any CPU = Release|Any CPU
	EndGlobalSection
	GlobalSection(ProjectConfigurationPlatforms) = postSolution
		{581B5D21-0BC8-4D2E-8377-E09D1DA35C41}.Debug|Any CPU.ActiveCfg = Debug|Any CPU
		{581B5D21-0BC8-4D2E-8377-E09D1DA35C41}.Debug|Any CPU.Build.0 = Debug|Any CPU
		{581B5D21-0BC8-4D2E-8377-E09D1DA35C41}.Release|Any CPU.ActiveCfg = Release|Any CPU
		{581B5D21-0BC8-4D2E-8377-E09D1DA35C41}.Release|Any CPU.Build.0 = Release|Any CPU
	EndGlobalSection
	GlobalSection(SolutionProperties) = preSolution
		HideSolutionNode = FALSE
	EndGlobalSection
	GlobalSection(ExtensibilityGlobals) = postSolution
		SolutionGuid = {5604CBB9-C232-48D8-89B5-7DC0A066EEC2}
	EndGlobalSection
EndGlobal
